
Microsoft Visual Studio Solution File, Format Version 12.00
# Visual Studio Version 17
VisualStudioVersion = 17.14.36310.24 d17.14
MinimumVisualStudioVersion = 10.0.40219.1
Project("{FAE04EC0-301F-11D3-BF4B-00C04F79EFBC}") = "HelloWorld", "HelloWorld\HelloWorld.csproj", "{DFC9DFDF-6D0F-407F-BE06-5DEF7847CCBE}"
EndProject
Global
	GlobalSection(SolutionConfigurationPlatforms) = preSolution
		Debug|Any CPU = Debug|Any CPU
		Release|Any CPU = Release|Any CPU
	EndGlobalSection
	GlobalSection(ProjectConfigurationPlatforms) = postSolution
		{DFC9DFDF-6D0F-407F-BE06-5DEF7847CCBE}.Debug|Any CPU.ActiveCfg = Debug|Any CPU
		{DFC9DFDF-6D0F-407F-BE06-5DEF7847CCBE}.Debug|Any CPU.Build.0 = Debug|Any CPU
		{DFC9DFDF-6D0F-407F-BE06-5DEF7847CCBE}.Release|Any CPU.ActiveCfg = Release|Any CPU
		{DFC9DFDF-6D0F-407F-BE06-5DEF7847CCBE}.Release|Any CPU.Build.0 = Release|Any CPU
	EndGlobalSection
	GlobalSection(SolutionProperties) = preSolution
		HideSolutionNode = FALSE
	EndGlobalSection
	GlobalSection(ExtensibilityGlobals) = postSolution
		SolutionGuid = {7CCD88C1-5A6E-4650-BB84-50DCDC19DF8E}
	EndGlobalSection
EndGlobal
